
Microsoft Visual Studio Solution File, Format Version 12.00
# Visual Studio 14
VisualStudioVersion = 14.0.25420.1
MinimumVisualStudioVersion = 10.0.40219.1
Project("{FAE04EC0-301F-11D3-BF4B-00C04F79EFBC}") = "LongBow", "LongBow\LongBow.csproj", "{DD92581D-2395-48C3-B944-ED611DCF8C7D}"
EndProject
Project("{2150E333-8FDC-42A3-9474-1A3956D46DE8}") = "Modules", "Modules", "{2EC1EC1F-4F52-45AA-A321-C72B8C67878B}"
EndProject
Project("{FAE04EC0-301F-11D3-BF4B-00C04F79EFBC}") = "LongBow.Listing", "Modules\LongBow.Listing\LongBow.Listing.csproj", "{E571E424-976E-43FE-B848-74275973AE1D}"
EndProject
Project("{FAE04EC0-301F-11D3-BF4B-00C04F79EFBC}") = "LongBow.Common", "LongBow.Common\LongBow.Common.csproj", "{CE73351B-CAE0-4BEB-8BC3-BBEF2D844E56}"
EndProject
Project("{FAE04EC0-301F-11D3-BF4B-00C04F79EFBC}") = "LongBow.Dal", "LongBow.Dal\LongBow.Dal.csproj", "{F6DB02C2-5C94-4062-A14A-E593A778EA99}"
EndProject
Project("{FAE04EC0-301F-11D3-BF4B-00C04F79EFBC}") = "LongBow.Dom", "LongBow.Dom\LongBow.Dom.csproj", "{3FC0BD92-3F4B-41E8-AF89-402FE33962D0}"
EndProject
Project("{FAE04EC0-301F-11D3-BF4B-00C04F79EFBC}") = "LongBow.BillingCreation", "Modules\LongBow.BillingCreation\LongBow.BillingCreation.csproj", "{D6820E79-D824-4659-B37D-FE9A07504616}"
EndProject
Project("{FAE04EC0-301F-11D3-BF4B-00C04F79EFBC}") = "LongBow.Bll", "LongBow.Bll\LongBow.Bll.csproj", "{5EE174BB-5588-43F5-9B15-34A90D152CA7}"
EndProject
Project("{FAE04EC0-301F-11D3-BF4B-00C04F79EFBC}") = "LongBow.Reporting", "Modules\LongBow.Reporting\LongBow.Reporting.csproj", "{1966E791-77B3-44C4-B68B-E1F24071FF6C}"
EndProject
Project("{FAE04EC0-301F-11D3-BF4B-00C04F79EFBC}") = "LongBow.Notifications", "Modules\LongBow.Notifications\LongBow.Notifications.csproj", "{783CA5C4-B852-4D12-B542-A34D567B531E}"
EndProject
Project("{FAE04EC0-301F-11D3-BF4B-00C04F79EFBC}") = "LongBow.Save", "Modules\LongBow.Save\LongBow.Save.csproj", "{9D0DCBD0-AA8B-4779-8E61-A476B1B41DDE}"
EndProject
Project("{FAE04EC0-301F-11D3-BF4B-00C04F79EFBC}") = "LongBow.CalendarListing", "Modules\LongBow.CalendarListing\LongBow.CalendarListing.csproj", "{CB5B7A1D-3B0A-4A43-ABD1-0C544B8C69BB}"
EndProject
Project("{FAE04EC0-301F-11D3-BF4B-00C04F79EFBC}") = "LongBow.RepetitiveBillingCreation", "Modules\LongBow.RepetitiveBillingCreation\LongBow.RepetitiveBillingCreation.csproj", "{6FF4A720-3475-4149-899A-32A20226393E}"
EndProject
Project("{FAE04EC0-301F-11D3-BF4B-00C04F79EFBC}") = "LongBow.FileImport", "Modules\LongBow.FileImport\LongBow.FileImport.csproj", "{00F8D234-0082-453F-AA09-D51A56BEB5A7}"
EndProject
Project("{FAE04EC0-301F-11D3-BF4B-00C04F79EFBC}") = "LongBow.Controls", "LongBow.Controls\LongBow.Controls.csproj", "{110F776A-4614-4646-B6E4-A447EBAB23B9}"
EndProject
Global
	GlobalSection(SolutionConfigurationPlatforms) = preSolution
		Debug|Any CPU = Debug|Any CPU
		Debug|x64 = Debug|x64
		Debug|x86 = Debug|x86
		Release|Any CPU = Release|Any CPU
		Release|x64 = Release|x64
		Release|x86 = Release|x86
	EndGlobalSection
	GlobalSection(ProjectConfigurationPlatforms) = postSolution
		{DD92581D-2395-48C3-B944-ED611DCF8C7D}.Debug|Any CPU.ActiveCfg = Debug|Any CPU
		{DD92581D-2395-48C3-B944-ED611DCF8C7D}.Debug|Any CPU.Build.0 = Debug|Any CPU
		{DD92581D-2395-48C3-B944-ED611DCF8C7D}.Debug|x64.ActiveCfg = Debug|x64
		{DD92581D-2395-48C3-B944-ED611DCF8C7D}.Debug|x64.Build.0 = Debug|x64
		{DD92581D-2395-48C3-B944-ED611DCF8C7D}.Debug|x86.ActiveCfg = Debug|x86
		{DD92581D-2395-48C3-B944-ED611DCF8C7D}.Debug|x86.Build.0 = Debug|x86
		{DD92581D-2395-48C3-B944-ED611DCF8C7D}.Release|Any CPU.ActiveCfg = Release|Any CPU
		{DD92581D-2395-48C3-B944-ED611DCF8C7D}.Release|Any CPU.Build.0 = Release|Any CPU
		{DD92581D-2395-48C3-B944-ED611DCF8C7D}.Release|x64.ActiveCfg = Release|x64
		{DD92581D-2395-48C3-B944-ED611DCF8C7D}.Release|x64.Build.0 = Release|x64
		{DD92581D-2395-48C3-B944-ED611DCF8C7D}.Release|x86.ActiveCfg = Release|x86
		{DD92581D-2395-48C3-B944-ED611DCF8C7D}.Release|x86.Build.0 = Release|x86
		{E571E424-976E-43FE-B848-74275973AE1D}.Debug|Any CPU.ActiveCfg = Debug|Any CPU
		{E571E424-976E-43FE-B848-74275973AE1D}.Debug|Any CPU.Build.0 = Debug|Any CPU
		{E571E424-976E-43FE-B848-74275973AE1D}.Debug|x64.ActiveCfg = Debug|x64
		{E571E424-976E-43FE-B848-74275973AE1D}.Debug|x64.Build.0 = Debug|x64
		{E571E424-976E-43FE-B848-74275973AE1D}.Debug|x86.ActiveCfg = Debug|x86
		{E571E424-976E-43FE-B848-74275973AE1D}.Debug|x86.Build.0 = Debug|x86
		{E571E424-976E-43FE-B848-74275973AE1D}.Release|Any CPU.ActiveCfg = Release|Any CPU
		{E571E424-976E-43FE-B848-74275973AE1D}.Release|Any CPU.Build.0 = Release|Any CPU
		{E571E424-976E-43FE-B848-74275973AE1D}.Release|x64.ActiveCfg = Release|x64
		{E571E424-976E-43FE-B848-74275973AE1D}.Release|x64.Build.0 = Release|x64
		{E571E424-976E-43FE-B848-74275973AE1D}.Release|x86.ActiveCfg = Release|x86
		{E571E424-976E-43FE-B848-74275973AE1D}.Release|x86.Build.0 = Release|x86
		{CE73351B-CAE0-4BEB-8BC3-BBEF2D844E56}.Debug|Any CPU.ActiveCfg = Debug|Any CPU
		{CE73351B-CAE0-4BEB-8BC3-BBEF2D844E56}.Debug|Any CPU.Build.0 = Debug|Any CPU
		{CE73351B-CAE0-4BEB-8BC3-BBEF2D844E56}.Debug|x64.ActiveCfg = Debug|x64
		{CE73351B-CAE0-4BEB-8BC3-BBEF2D844E56}.Debug|x64.Build.0 = Debug|x64
		{CE73351B-CAE0-4BEB-8BC3-BBEF2D844E56}.Debug|x86.ActiveCfg = Debug|x86
		{CE73351B-CAE0-4BEB-8BC3-BBEF2D844E56}.Debug|x86.Build.0 = Debug|x86
		{CE73351B-CAE0-4BEB-8BC3-BBEF2D844E56}.Release|Any CPU.ActiveCfg = Release|Any CPU
		{CE73351B-CAE0-4BEB-8BC3-BBEF2D844E56}.Release|Any CPU.Build.0 = Release|Any CPU
		{CE73351B-CAE0-4BEB-8BC3-BBEF2D844E56}.Release|x64.ActiveCfg = Release|x64
		{CE73351B-CAE0-4BEB-8BC3-BBEF2D844E56}.Release|x64.Build.0 = Release|x64
		{CE73351B-CAE0-4BEB-8BC3-BBEF2D844E56}.Release|x86.ActiveCfg = Release|x86
		{CE73351B-CAE0-4BEB-8BC3-BBEF2D844E56}.Release|x86.Build.0 = Release|x86
		{F6DB02C2-5C94-4062-A14A-E593A778EA99}.Debug|Any CPU.ActiveCfg = Debug|Any CPU
		{F6DB02C2-5C94-4062-A14A-E593A778EA99}.Debug|Any CPU.Build.0 = Debug|Any CPU
		{F6DB02C2-5C94-4062-A14A-E593A778EA99}.Debug|x64.ActiveCfg = Debug|x64
		{F6DB02C2-5C94-4062-A14A-E593A778EA99}.Debug|x64.Build.0 = Debug|x64
		{F6DB02C2-5C94-4062-A14A-E593A778EA99}.Debug|x86.ActiveCfg = Debug|x86
		{F6DB02C2-5C94-4062-A14A-E593A778EA99}.Debug|x86.Build.0 = Debug|x86
		{F6DB02C2-5C94-4062-A14A-E593A778EA99}.Release|Any CPU.ActiveCfg = Release|Any CPU
		{F6DB02C2-5C94-4062-A14A-E593A778EA99}.Release|Any CPU.Build.0 = Release|Any CPU
		{F6DB02C2-5C94-4062-A14A-E593A778EA99}.Release|x64.ActiveCfg = Release|x64
		{F6DB02C2-5C94-4062-A14A-E593A778EA99}.Release|x64.Build.0 = Release|x64
		{F6DB02C2-5C94-4062-A14A-E593A778EA99}.Release|x86.ActiveCfg = Release|x86
		{F6DB02C2-5C94-4062-A14A-E593A778EA99}.Release|x86.Build.0 = Release|x86
		{3FC0BD92-3F4B-41E8-AF89-402FE33962D0}.Debug|Any CPU.ActiveCfg = Debug|Any CPU
		{3FC0BD92-3F4B-41E8-AF89-402FE33962D0}.Debug|Any CPU.Build.0 = Debug|Any CPU
		{3FC0BD92-3F4B-41E8-AF89-402FE33962D0}.Debug|x64.ActiveCfg = Debug|x64
		{3FC0BD92-3F4B-41E8-AF89-402FE33962D0}.Debug|x64.Build.0 = Debug|x64
		{3FC0BD92-3F4B-41E8-AF89-402FE33962D0}.Debug|x86.ActiveCfg = Debug|x86
		{3FC0BD92-3F4B-41E8-AF89-402FE33962D0}.Debug|x86.Build.0 = Debug|x86
		{3FC0BD92-3F4B-41E8-AF89-402FE33962D0}.Release|Any CPU.ActiveCfg = Release|Any CPU
		{3FC0BD92-3F4B-41E8-AF89-402FE33962D0}.Release|Any CPU.Build.0 = Release|Any CPU
		{3FC0BD92-3F4B-41E8-AF89-402FE33962D0}.Release|x64.ActiveCfg = Release|x64
		{3FC0BD92-3F4B-41E8-AF89-402FE33962D0}.Release|x64.Build.0 = Release|x64
		{3FC0BD92-3F4B-41E8-AF89-402FE33962D0}.Release|x86.ActiveCfg = Release|x86
		{3FC0BD92-3F4B-41E8-AF89-402FE33962D0}.Release|x86.Build.0 = Release|x86
		{D6820E79-D824-4659-B37D-FE9A07504616}.Debug|Any CPU.ActiveCfg = Debug|Any CPU
		{D6820E79-D824-4659-B37D-FE9A07504616}.Debug|Any CPU.Build.0 = Debug|Any CPU
		{D6820E79-D824-4659-B37D-FE9A07504616}.Debug|x64.ActiveCfg = Debug|x64
		{D6820E79-D824-4659-B37D-FE9A07504616}.Debug|x64.Build.0 = Debug|x64
		{D6820E79-D824-4659-B37D-FE9A07504616}.Debug|x86.ActiveCfg = Debug|x86
		{D6820E79-D824-4659-B37D-FE9A07504616}.Debug|x86.Build.0 = Debug|x86
		{D6820E79-D824-4659-B37D-FE9A07504616}.Release|Any CPU.ActiveCfg = Release|Any CPU
		{D6820E79-D824-4659-B37D-FE9A07504616}.Release|Any CPU.Build.0 = Release|Any CPU
		{D6820E79-D824-4659-B37D-FE9A07504616}.Release|x64.ActiveCfg = Release|x64
		{D6820E79-D824-4659-B37D-FE9A07504616}.Release|x64.Build.0 = Release|x64
		{D6820E79-D824-4659-B37D-FE9A07504616}.Release|x86.ActiveCfg = Release|x86
		{D6820E79-D824-4659-B37D-FE9A07504616}.Release|x86.Build.0 = Release|x86
		{5EE174BB-5588-43F5-9B15-34A90D152CA7}.Debug|Any CPU.ActiveCfg = Debug|Any CPU
		{5EE174BB-5588-43F5-9B15-34A90D152CA7}.Debug|Any CPU.Build.0 = Debug|Any CPU
		{5EE174BB-5588-43F5-9B15-34A90D152CA7}.Debug|x64.ActiveCfg = Debug|x64
		{5EE174BB-5588-43F5-9B15-34A90D152CA7}.Debug|x64.Build.0 = Debug|x64
		{5EE174BB-5588-43F5-9B15-34A90D152CA7}.Debug|x86.ActiveCfg = Debug|x86
		{5EE174BB-5588-43F5-9B15-34A90D152CA7}.Debug|x86.Build.0 = Debug|x86
		{5EE174BB-5588-43F5-9B15-34A90D152CA7}.Release|Any CPU.ActiveCfg = Release|Any CPU
		{5EE174BB-5588-43F5-9B15-34A90D152CA7}.Release|Any CPU.Build.0 = Release|Any CPU
		{5EE174BB-5588-43F5-9B15-34A90D152CA7}.Release|x64.ActiveCfg = Release|x64
		{5EE174BB-5588-43F5-9B15-34A90D152CA7}.Release|x64.Build.0 = Release|x64
		{5EE174BB-5588-43F5-9B15-34A90D152CA7}.Release|x86.ActiveCfg = Release|x86
		{5EE174BB-5588-43F5-9B15-34A90D152CA7}.Release|x86.Build.0 = Release|x86
		{1966E791-77B3-44C4-B68B-E1F24071FF6C}.Debug|Any CPU.ActiveCfg = Debug|Any CPU
		{1966E791-77B3-44C4-B68B-E1F24071FF6C}.Debug|Any CPU.Build.0 = Debug|Any CPU
		{1966E791-77B3-44C4-B68B-E1F24071FF6C}.Debug|x64.ActiveCfg = Debug|x64
		{1966E791-77B3-44C4-B68B-E1F24071FF6C}.Debug|x64.Build.0 = Debug|x64
		{1966E791-77B3-44C4-B68B-E1F24071FF6C}.Debug|x86.ActiveCfg = Debug|x86
		{1966E791-77B3-44C4-B68B-E1F24071FF6C}.Debug|x86.Build.0 = Debug|x86
		{1966E791-77B3-44C4-B68B-E1F24071FF6C}.Release|Any CPU.ActiveCfg = Release|Any CPU
		{1966E791-77B3-44C4-B68B-E1F24071FF6C}.Release|Any CPU.Build.0 = Release|Any CPU
		{1966E791-77B3-44C4-B68B-E1F24071FF6C}.Release|x64.ActiveCfg = Release|x64
		{1966E791-77B3-44C4-B68B-E1F24071FF6C}.Release|x64.Build.0 = Release|x64
		{1966E791-77B3-44C4-B68B-E1F24071FF6C}.Release|x86.ActiveCfg = Release|x86
		{1966E791-77B3-44C4-B68B-E1F24071FF6C}.Release|x86.Build.0 = Release|x86
		{783CA5C4-B852-4D12-B542-A34D567B531E}.Debug|Any CPU.ActiveCfg = Debug|Any CPU
		{783CA5C4-B852-4D12-B542-A34D567B531E}.Debug|Any CPU.Build.0 = Debug|Any CPU
		{783CA5C4-B852-4D12-B542-A34D567B531E}.Debug|x64.ActiveCfg = Debug|x64
		{783CA5C4-B852-4D12-B542-A34D567B531E}.Debug|x64.Build.0 = Debug|x64
		{783CA5C4-B852-4D12-B542-A34D567B531E}.Debug|x86.ActiveCfg = Debug|x86
		{783CA5C4-B852-4D12-B542-A34D567B531E}.Debug|x86.Build.0 = Debug|x86
		{783CA5C4-B852-4D12-B542-A34D567B531E}.Release|Any CPU.ActiveCfg = Release|Any CPU
		{783CA5C4-B852-4D12-B542-A34D567B531E}.Release|Any CPU.Build.0 = Release|Any CPU
		{783CA5C4-B852-4D12-B542-A34D567B531E}.Release|x64.ActiveCfg = Release|x64
		{783CA5C4-B852-4D12-B542-A34D567B531E}.Release|x64.Build.0 = Release|x64
		{783CA5C4-B852-4D12-B542-A34D567B531E}.Release|x86.ActiveCfg = Release|x86
		{783CA5C4-B852-4D12-B542-A34D567B531E}.Release|x86.Build.0 = Release|x86
		{9D0DCBD0-AA8B-4779-8E61-A476B1B41DDE}.Debug|Any CPU.ActiveCfg = Debug|Any CPU
		{9D0DCBD0-AA8B-4779-8E61-A476B1B41DDE}.Debug|Any CPU.Build.0 = Debug|Any CPU
		{9D0DCBD0-AA8B-4779-8E61-A476B1B41DDE}.Debug|x64.ActiveCfg = Debug|x64
		{9D0DCBD0-AA8B-4779-8E61-A476B1B41DDE}.Debug|x64.Build.0 = Debug|x64
		{9D0DCBD0-AA8B-4779-8E61-A476B1B41DDE}.Debug|x86.ActiveCfg = Debug|x86
		{9D0DCBD0-AA8B-4779-8E61-A476B1B41DDE}.Debug|x86.Build.0 = Debug|x86
		{9D0DCBD0-AA8B-4779-8E61-A476B1B41DDE}.Release|Any CPU.ActiveCfg = Release|Any CPU
		{9D0DCBD0-AA8B-4779-8E61-A476B1B41DDE}.Release|Any CPU.Build.0 = Release|Any CPU
		{9D0DCBD0-AA8B-4779-8E61-A476B1B41DDE}.Release|x64.ActiveCfg = Release|x64
		{9D0DCBD0-AA8B-4779-8E61-A476B1B41DDE}.Release|x64.Build.0 = Release|x64
		{9D0DCBD0-AA8B-4779-8E61-A476B1B41DDE}.Release|x86.ActiveCfg = Release|x86
		{9D0DCBD0-AA8B-4779-8E61-A476B1B41DDE}.Release|x86.Build.0 = Release|x86
		{CB5B7A1D-3B0A-4A43-ABD1-0C544B8C69BB}.Debug|Any CPU.ActiveCfg = Debug|Any CPU
		{CB5B7A1D-3B0A-4A43-ABD1-0C544B8C69BB}.Debug|Any CPU.Build.0 = Debug|Any CPU
		{CB5B7A1D-3B0A-4A43-ABD1-0C544B8C69BB}.Debug|x64.ActiveCfg = Debug|x64
		{CB5B7A1D-3B0A-4A43-ABD1-0C544B8C69BB}.Debug|x64.Build.0 = Debug|x64
		{CB5B7A1D-3B0A-4A43-ABD1-0C544B8C69BB}.Debug|x86.ActiveCfg = Debug|x86
		{CB5B7A1D-3B0A-4A43-ABD1-0C544B8C69BB}.Debug|x86.Build.0 = Debug|x86
		{CB5B7A1D-3B0A-4A43-ABD1-0C544B8C69BB}.Release|Any CPU.ActiveCfg = Release|Any CPU
		{CB5B7A1D-3B0A-4A43-ABD1-0C544B8C69BB}.Release|Any CPU.Build.0 = Release|Any CPU
		{CB5B7A1D-3B0A-4A43-ABD1-0C544B8C69BB}.Release|x64.ActiveCfg = Release|x64
		{CB5B7A1D-3B0A-4A43-ABD1-0C544B8C69BB}.Release|x64.Build.0 = Release|x64
		{CB5B7A1D-3B0A-4A43-ABD1-0C544B8C69BB}.Release|x86.ActiveCfg = Release|x86
		{CB5B7A1D-3B0A-4A43-ABD1-0C544B8C69BB}.Release|x86.Build.0 = Release|x86
		{6FF4A720-3475-4149-899A-32A20226393E}.Debug|Any CPU.ActiveCfg = Debug|Any CPU
		{6FF4A720-3475-4149-899A-32A20226393E}.Debug|Any CPU.Build.0 = Debug|Any CPU
		{6FF4A720-3475-4149-899A-32A20226393E}.Debug|x64.ActiveCfg = Debug|x64
		{6FF4A720-3475-4149-899A-32A20226393E}.Debug|x64.Build.0 = Debug|x64
		{6FF4A720-3475-4149-899A-32A20226393E}.Debug|x86.ActiveCfg = Debug|x86
		{6FF4A720-3475-4149-899A-32A20226393E}.Debug|x86.Build.0 = Debug|x86
		{6FF4A720-3475-4149-899A-32A20226393E}.Release|Any CPU.ActiveCfg = Release|Any CPU
		{6FF4A720-3475-4149-899A-32A20226393E}.Release|Any CPU.Build.0 = Release|Any CPU
		{6FF4A720-3475-4149-899A-32A20226393E}.Release|x64.ActiveCfg = Release|x64
		{6FF4A720-3475-4149-899A-32A20226393E}.Release|x64.Build.0 = Release|x64
		{6FF4A720-3475-4149-899A-32A20226393E}.Release|x86.ActiveCfg = Release|x86
		{6FF4A720-3475-4149-899A-32A20226393E}.Release|x86.Build.0 = Release|x86
		{00F8D234-0082-453F-AA09-D51A56BEB5A7}.Debug|Any CPU.ActiveCfg = Debug|Any CPU
		{00F8D234-0082-453F-AA09-D51A56BEB5A7}.Debug|Any CPU.Build.0 = Debug|Any CPU
		{00F8D234-0082-453F-AA09-D51A56BEB5A7}.Debug|x64.ActiveCfg = Debug|x64
		{00F8D234-0082-453F-AA09-D51A56BEB5A7}.Debug|x64.Build.0 = Debug|x64
		{00F8D234-0082-453F-AA09-D51A56BEB5A7}.Debug|x86.ActiveCfg = Debug|x86
		{00F8D234-0082-453F-AA09-D51A56BEB5A7}.Debug|x86.Build.0 = Debug|x86
		{00F8D234-0082-453F-AA09-D51A56BEB5A7}.Release|Any CPU.ActiveCfg = Release|Any CPU
		{00F8D234-0082-453F-AA09-D51A56BEB5A7}.Release|Any CPU.Build.0 = Release|Any CPU
		{00F8D234-0082-453F-AA09-D51A56BEB5A7}.Release|x64.ActiveCfg = Release|x64
		{00F8D234-0082-453F-AA09-D51A56BEB5A7}.Release|x64.Build.0 = Release|x64
		{00F8D234-0082-453F-AA09-D51A56BEB5A7}.Release|x86.ActiveCfg = Release|x86
		{00F8D234-0082-453F-AA09-D51A56BEB5A7}.Release|x86.Build.0 = Release|x86
		{110F776A-4614-4646-B6E4-A447EBAB23B9}.Debug|Any CPU.ActiveCfg = Debug|Any CPU
		{110F776A-4614-4646-B6E4-A447EBAB23B9}.Debug|Any CPU.Build.0 = Debug|Any CPU
		{110F776A-4614-4646-B6E4-A447EBAB23B9}.Debug|x64.ActiveCfg = Debug|x64
		{110F776A-4614-4646-B6E4-A447EBAB23B9}.Debug|x64.Build.0 = Debug|x64
		{110F776A-4614-4646-B6E4-A447EBAB23B9}.Debug|x86.ActiveCfg = Debug|x86
		{110F776A-4614-4646-B6E4-A447EBAB23B9}.Debug|x86.Build.0 = Debug|x86
		{110F776A-4614-4646-B6E4-A447EBAB23B9}.Release|Any CPU.ActiveCfg = Release|Any CPU
		{110F776A-4614-4646-B6E4-A447EBAB23B9}.Release|Any CPU.Build.0 = Release|Any CPU
		{110F776A-4614-4646-B6E4-A447EBAB23B9}.Release|x64.ActiveCfg = Release|x64
		{110F776A-4614-4646-B6E4-A447EBAB23B9}.Release|x64.Build.0 = Release|x64
		{110F776A-4614-4646-B6E4-A447EBAB23B9}.Release|x86.ActiveCfg = Release|x86
		{110F776A-4614-4646-B6E4-A447EBAB23B9}.Release|x86.Build.0 = Release|x86
	EndGlobalSection
	GlobalSection(SolutionProperties) = preSolution
		HideSolutionNode = FALSE
	EndGlobalSection
	GlobalSection(NestedProjects) = preSolution
		{E571E424-976E-43FE-B848-74275973AE1D} = {2EC1EC1F-4F52-45AA-A321-C72B8C67878B}
		{D6820E79-D824-4659-B37D-FE9A07504616} = {2EC1EC1F-4F52-45AA-A321-C72B8C67878B}
		{1966E791-77B3-44C4-B68B-E1F24071FF6C} = {2EC1EC1F-4F52-45AA-A321-C72B8C67878B}
		{783CA5C4-B852-4D12-B542-A34D567B531E} = {2EC1EC1F-4F52-45AA-A321-C72B8C67878B}
		{9D0DCBD0-AA8B-4779-8E61-A476B1B41DDE} = {2EC1EC1F-4F52-45AA-A321-C72B8C67878B}
		{CB5B7A1D-3B0A-4A43-ABD1-0C544B8C69BB} = {2EC1EC1F-4F52-45AA-A321-C72B8C67878B}
		{6FF4A720-3475-4149-899A-32A20226393E} = {2EC1EC1F-4F52-45AA-A321-C72B8C67878B}
		{00F8D234-0082-453F-AA09-D51A56BEB5A7} = {2EC1EC1F-4F52-45AA-A321-C72B8C67878B}
	EndGlobalSection
EndGlobal
